
Microsoft Visual Studio Solution File, Format Version 12.00
# Visual Studio 15
Project("{FAE04EC0-301F-11D3-BF4B-00C04F79EFBC}") = "Assembly-CSharp", "Assembly-CSharp.csproj", "{A1E07AE7-4D62-03E4-9C66-A202AF5FB6A3}"
EndProject
Project("{FAE04EC0-301F-11D3-BF4B-00C04F79EFBC}") = "Assembly-CSharp-Editor", "Assembly-CSharp-Editor.csproj", "{50C093EC-8438-86D1-1A04-ADA31A9E6E74}"
EndProject
Global
	GlobalSection(SolutionConfigurationPlatforms) = preSolution
		Debug|Any CPU = Debug|Any CPU
		Release|Any CPU = Release|Any CPU
	EndGlobalSection
	GlobalSection(ProjectConfigurationPlatforms) = postSolution
		{A1E07AE7-4D62-03E4-9C66-A202AF5FB6A3}.Debug|Any CPU.ActiveCfg = Debug|Any CPU
		{A1E07AE7-4D62-03E4-9C66-A202AF5FB6A3}.Debug|Any CPU.Build.0 = Debug|Any CPU
		{A1E07AE7-4D62-03E4-9C66-A202AF5FB6A3}.Release|Any CPU.ActiveCfg = Release|Any CPU
		{A1E07AE7-4D62-03E4-9C66-A202AF5FB6A3}.Release|Any CPU.Build.0 = Release|Any CPU
		{50C093EC-8438-86D1-1A04-ADA31A9E6E74}.Debug|Any CPU.ActiveCfg = Debug|Any CPU
		{50C093EC-8438-86D1-1A04-ADA31A9E6E74}.Debug|Any CPU.Build.0 = Debug|Any CPU
		{50C093EC-8438-86D1-1A04-ADA31A9E6E74}.Release|Any CPU.ActiveCfg = Release|Any CPU
		{50C093EC-8438-86D1-1A04-ADA31A9E6E74}.Release|Any CPU.Build.0 = Release|Any CPU
	EndGlobalSection
	GlobalSection(SolutionProperties) = preSolution
		HideSolutionNode = FALSE
	EndGlobalSection
EndGlobal
